
Microsoft Visual Studio Solution File, Format Version 12.00
# Visual Studio Version 16
VisualStudioVersion = 16.0.32413.511
MinimumVisualStudioVersion = 10.0.40219.1
Project("{D2ABAB84-BF74-430A-B69E-9DC6D40DDA17}") = "MovieRatingAssignment", "MovieRatingAssignment\MovieRatingAssignment.dwproj", "{C1125DFD-A116-43E7-B5BF-D2FD168A411A}"
EndProject
Global
	GlobalSection(SolutionConfigurationPlatforms) = preSolution
		Development|Default = Development|Default
	EndGlobalSection
	GlobalSection(ProjectConfigurationPlatforms) = postSolution
		{C1125DFD-A116-43E7-B5BF-D2FD168A411A}.Development|Default.ActiveCfg = Development
		{C1125DFD-A116-43E7-B5BF-D2FD168A411A}.Development|Default.Build.0 = Development
		{C1125DFD-A116-43E7-B5BF-D2FD168A411A}.Development|Default.Deploy.0 = Development
	EndGlobalSection
	GlobalSection(SolutionProperties) = preSolution
		HideSolutionNode = FALSE
	EndGlobalSection
	GlobalSection(ExtensibilityGlobals) = postSolution
		SolutionGuid = {ECECBCDC-EB8C-4CB9-AAFB-25BEDD316A53}
	EndGlobalSection
EndGlobal
